
Microsoft Visual Studio Solution File, Format Version 12.00
# Visual Studio 15
Project("{FAE04EC0-301F-11D3-BF4B-00C04F79EFBC}") = "Primeira-API", "Primeira-API\Primeira-API.csproj", "{87279807-4341-49DE-86D5-126AFB66D89F}"
EndProject
Global
	GlobalSection(SolutionConfigurationPlatforms) = preSolution
		Debug|Any CPU = Debug|Any CPU
		Release|Any CPU = Release|Any CPU
	EndGlobalSection
	GlobalSection(ProjectConfigurationPlatforms) = postSolution
		{87279807-4341-49DE-86D5-126AFB66D89F}.Debug|Any CPU.ActiveCfg = Debug|Any CPU
		{87279807-4341-49DE-86D5-126AFB66D89F}.Debug|Any CPU.Build.0 = Debug|Any CPU
		{87279807-4341-49DE-86D5-126AFB66D89F}.Release|Any CPU.ActiveCfg = Release|Any CPU
		{87279807-4341-49DE-86D5-126AFB66D89F}.Release|Any CPU.Build.0 = Release|Any CPU
	EndGlobalSection
EndGlobal
